
Microsoft Visual Studio Solution File, Format Version 12.00
# Visual Studio 15
VisualStudioVersion = 15.0.27703.2047
MinimumVisualStudioVersion = 10.0.40219.1
Project("{9A19103F-16F7-4668-BE54-9A1E7A4F7556}") = "Consoletest", "Consoletest\Consoletest.csproj", "{B21017AE-FBED-4A52-B30D-42895E147811}"
EndProject
Project("{9A19103F-16F7-4668-BE54-9A1E7A4F7556}") = "EntityModel", "EntityModel\EntityModel.csproj", "{4A840AD6-00C5-4174-8A16-4E90323D49FC}"
EndProject
Project("{FAE04EC0-301F-11D3-BF4B-00C04F79EFBC}") = "readXml", "readXml\readXml.csproj", "{2EE11DCE-142A-444B-9E39-C558ABA31D01}"
EndProject
Global
	GlobalSection(SolutionConfigurationPlatforms) = preSolution
		Debug|Any CPU = Debug|Any CPU
		Release|Any CPU = Release|Any CPU
	EndGlobalSection
	GlobalSection(ProjectConfigurationPlatforms) = postSolution
		{B21017AE-FBED-4A52-B30D-42895E147811}.Debug|Any CPU.ActiveCfg = Debug|Any CPU
		{B21017AE-FBED-4A52-B30D-42895E147811}.Debug|Any CPU.Build.0 = Debug|Any CPU
		{B21017AE-FBED-4A52-B30D-42895E147811}.Release|Any CPU.ActiveCfg = Release|Any CPU
		{B21017AE-FBED-4A52-B30D-42895E147811}.Release|Any CPU.Build.0 = Release|Any CPU
		{4A840AD6-00C5-4174-8A16-4E90323D49FC}.Debug|Any CPU.ActiveCfg = Debug|Any CPU
		{4A840AD6-00C5-4174-8A16-4E90323D49FC}.Debug|Any CPU.Build.0 = Debug|Any CPU
		{4A840AD6-00C5-4174-8A16-4E90323D49FC}.Release|Any CPU.ActiveCfg = Release|Any CPU
		{4A840AD6-00C5-4174-8A16-4E90323D49FC}.Release|Any CPU.Build.0 = Release|Any CPU
		{2EE11DCE-142A-444B-9E39-C558ABA31D01}.Debug|Any CPU.ActiveCfg = Debug|Any CPU
		{2EE11DCE-142A-444B-9E39-C558ABA31D01}.Debug|Any CPU.Build.0 = Debug|Any CPU
		{2EE11DCE-142A-444B-9E39-C558ABA31D01}.Release|Any CPU.ActiveCfg = Release|Any CPU
		{2EE11DCE-142A-444B-9E39-C558ABA31D01}.Release|Any CPU.Build.0 = Release|Any CPU
	EndGlobalSection
	GlobalSection(SolutionProperties) = preSolution
		HideSolutionNode = FALSE
	EndGlobalSection
	GlobalSection(ExtensibilityGlobals) = postSolution
		SolutionGuid = {8F9529A9-643A-4F07-8C27-78540711692D}
	EndGlobalSection
EndGlobal
